
Microsoft Visual Studio Solution File, Format Version 12.00
# Visual Studio Version 17
VisualStudioVersion = 17.0.31903.59
MinimumVisualStudioVersion = 10.0.40219.1
Project("{8BC9CEB8-8B4A-11D0-8D11-00A0C91BC942}") = "Lab08_D_Bai4", "Lab08_D_Bai4\Lab08_D_Bai4.vcxproj", "{69EA8E93-4E96-4152-BB7B-85C241783EDC}"
EndProject
Global
	GlobalSection(SolutionConfigurationPlatforms) = preSolution
		Debug|x64 = Debug|x64
		Debug|x86 = Debug|x86
		Release|x64 = Release|x64
		Release|x86 = Release|x86
	EndGlobalSection
	GlobalSection(ProjectConfigurationPlatforms) = postSolution
		{69EA8E93-4E96-4152-BB7B-85C241783EDC}.Debug|x64.ActiveCfg = Debug|x64
		{69EA8E93-4E96-4152-BB7B-85C241783EDC}.Debug|x64.Build.0 = Debug|x64
		{69EA8E93-4E96-4152-BB7B-85C241783EDC}.Debug|x86.ActiveCfg = Debug|Win32
		{69EA8E93-4E96-4152-BB7B-85C241783EDC}.Debug|x86.Build.0 = Debug|Win32
		{69EA8E93-4E96-4152-BB7B-85C241783EDC}.Release|x64.ActiveCfg = Release|x64
		{69EA8E93-4E96-4152-BB7B-85C241783EDC}.Release|x64.Build.0 = Release|x64
		{69EA8E93-4E96-4152-BB7B-85C241783EDC}.Release|x86.ActiveCfg = Release|Win32
		{69EA8E93-4E96-4152-BB7B-85C241783EDC}.Release|x86.Build.0 = Release|Win32
	EndGlobalSection
	GlobalSection(SolutionProperties) = preSolution
		HideSolutionNode = FALSE
	EndGlobalSection
	GlobalSection(ExtensibilityGlobals) = postSolution
		SolutionGuid = {8CEAF699-7EBD-4238-8B90-50921834A893}
	EndGlobalSection
EndGlobal
