
Microsoft Visual Studio Solution File, Format Version 12.00
# Visual Studio Version 17
VisualStudioVersion = 17.0.31903.59
MinimumVisualStudioVersion = 10.0.40219.1
Project("{8BC9CEB8-8B4A-11D0-8D11-00A0C91BC942}") = "Lab04_C_Bai3_TongDaySo", "Lab04_C_Bai3_TongDaySo\Lab04_C_Bai3_TongDaySo.vcxproj", "{FF1105D0-BD4A-43E1-8CFD-9EF175BE5C0B}"
EndProject
Global
	GlobalSection(SolutionConfigurationPlatforms) = preSolution
		Debug|x64 = Debug|x64
		Debug|x86 = Debug|x86
		Release|x64 = Release|x64
		Release|x86 = Release|x86
	EndGlobalSection
	GlobalSection(ProjectConfigurationPlatforms) = postSolution
		{FF1105D0-BD4A-43E1-8CFD-9EF175BE5C0B}.Debug|x64.ActiveCfg = Debug|x64
		{FF1105D0-BD4A-43E1-8CFD-9EF175BE5C0B}.Debug|x64.Build.0 = Debug|x64
		{FF1105D0-BD4A-43E1-8CFD-9EF175BE5C0B}.Debug|x86.ActiveCfg = Debug|Win32
		{FF1105D0-BD4A-43E1-8CFD-9EF175BE5C0B}.Debug|x86.Build.0 = Debug|Win32
		{FF1105D0-BD4A-43E1-8CFD-9EF175BE5C0B}.Release|x64.ActiveCfg = Release|x64
		{FF1105D0-BD4A-43E1-8CFD-9EF175BE5C0B}.Release|x64.Build.0 = Release|x64
		{FF1105D0-BD4A-43E1-8CFD-9EF175BE5C0B}.Release|x86.ActiveCfg = Release|Win32
		{FF1105D0-BD4A-43E1-8CFD-9EF175BE5C0B}.Release|x86.Build.0 = Release|Win32
	EndGlobalSection
	GlobalSection(SolutionProperties) = preSolution
		HideSolutionNode = FALSE
	EndGlobalSection
	GlobalSection(ExtensibilityGlobals) = postSolution
		SolutionGuid = {AEA6CCC6-3185-47A1-B9F1-A5297D8DE747}
	EndGlobalSection
EndGlobal
