
Microsoft Visual Studio Solution File, Format Version 12.00
# Visual Studio Version 17
VisualStudioVersion = 17.0.31903.59
MinimumVisualStudioVersion = 10.0.40219.1
Project("{8BC9CEB8-8B4A-11D0-8D11-00A0C91BC942}") = "bai06_Lab3_TimNghiem", "bai06_Lab3_TimNghiem\bai06_Lab3_TimNghiem.vcxproj", "{5445186F-4459-46C1-B7C0-78A79C7B23FC}"
EndProject
Global
	GlobalSection(SolutionConfigurationPlatforms) = preSolution
		Debug|x64 = Debug|x64
		Debug|x86 = Debug|x86
		Release|x64 = Release|x64
		Release|x86 = Release|x86
	EndGlobalSection
	GlobalSection(ProjectConfigurationPlatforms) = postSolution
		{5445186F-4459-46C1-B7C0-78A79C7B23FC}.Debug|x64.ActiveCfg = Debug|x64
		{5445186F-4459-46C1-B7C0-78A79C7B23FC}.Debug|x64.Build.0 = Debug|x64
		{5445186F-4459-46C1-B7C0-78A79C7B23FC}.Debug|x86.ActiveCfg = Debug|Win32
		{5445186F-4459-46C1-B7C0-78A79C7B23FC}.Debug|x86.Build.0 = Debug|Win32
		{5445186F-4459-46C1-B7C0-78A79C7B23FC}.Release|x64.ActiveCfg = Release|x64
		{5445186F-4459-46C1-B7C0-78A79C7B23FC}.Release|x64.Build.0 = Release|x64
		{5445186F-4459-46C1-B7C0-78A79C7B23FC}.Release|x86.ActiveCfg = Release|Win32
		{5445186F-4459-46C1-B7C0-78A79C7B23FC}.Release|x86.Build.0 = Release|Win32
	EndGlobalSection
	GlobalSection(SolutionProperties) = preSolution
		HideSolutionNode = FALSE
	EndGlobalSection
	GlobalSection(ExtensibilityGlobals) = postSolution
		SolutionGuid = {7094F1CD-41B2-44F7-998B-CBBB9592F597}
	EndGlobalSection
EndGlobal
