
Microsoft Visual Studio Solution File, Format Version 12.00
# Visual Studio Version 17
VisualStudioVersion = 17.0.31903.59
MinimumVisualStudioVersion = 10.0.40219.1
Project("{8BC9CEB8-8B4A-11D0-8D11-00A0C91BC942}") = "lab4_bai3_SoNguyenTo", "lab4_bai3_SoNguyenTo\lab4_bai3_SoNguyenTo.vcxproj", "{20CFC74A-B4A3-4D6D-9EBF-E9085BD6D4A0}"
EndProject
Global
	GlobalSection(SolutionConfigurationPlatforms) = preSolution
		Debug|x64 = Debug|x64
		Debug|x86 = Debug|x86
		Release|x64 = Release|x64
		Release|x86 = Release|x86
	EndGlobalSection
	GlobalSection(ProjectConfigurationPlatforms) = postSolution
		{20CFC74A-B4A3-4D6D-9EBF-E9085BD6D4A0}.Debug|x64.ActiveCfg = Debug|x64
		{20CFC74A-B4A3-4D6D-9EBF-E9085BD6D4A0}.Debug|x64.Build.0 = Debug|x64
		{20CFC74A-B4A3-4D6D-9EBF-E9085BD6D4A0}.Debug|x86.ActiveCfg = Debug|Win32
		{20CFC74A-B4A3-4D6D-9EBF-E9085BD6D4A0}.Debug|x86.Build.0 = Debug|Win32
		{20CFC74A-B4A3-4D6D-9EBF-E9085BD6D4A0}.Release|x64.ActiveCfg = Release|x64
		{20CFC74A-B4A3-4D6D-9EBF-E9085BD6D4A0}.Release|x64.Build.0 = Release|x64
		{20CFC74A-B4A3-4D6D-9EBF-E9085BD6D4A0}.Release|x86.ActiveCfg = Release|Win32
		{20CFC74A-B4A3-4D6D-9EBF-E9085BD6D4A0}.Release|x86.Build.0 = Release|Win32
	EndGlobalSection
	GlobalSection(SolutionProperties) = preSolution
		HideSolutionNode = FALSE
	EndGlobalSection
	GlobalSection(ExtensibilityGlobals) = postSolution
		SolutionGuid = {18322D29-4B02-41D9-BB11-5CE016DCBC8B}
	EndGlobalSection
EndGlobal
