
Microsoft Visual Studio Solution File, Format Version 12.00
# Visual Studio Version 17
VisualStudioVersion = 17.0.31903.59
MinimumVisualStudioVersion = 10.0.40219.1
Project("{8BC9CEB8-8B4A-11D0-8D11-00A0C91BC942}") = "Lab02_Bai03_TinhDienTich", "Lab02_Bai03_TinhDienTich\Lab02_Bai03_TinhDienTich.vcxproj", "{05AE21CB-0083-4EA3-AB49-8185A0EA45B7}"
EndProject
Global
	GlobalSection(SolutionConfigurationPlatforms) = preSolution
		Debug|x64 = Debug|x64
		Debug|x86 = Debug|x86
		Release|x64 = Release|x64
		Release|x86 = Release|x86
	EndGlobalSection
	GlobalSection(ProjectConfigurationPlatforms) = postSolution
		{05AE21CB-0083-4EA3-AB49-8185A0EA45B7}.Debug|x64.ActiveCfg = Debug|x64
		{05AE21CB-0083-4EA3-AB49-8185A0EA45B7}.Debug|x64.Build.0 = Debug|x64
		{05AE21CB-0083-4EA3-AB49-8185A0EA45B7}.Debug|x86.ActiveCfg = Debug|Win32
		{05AE21CB-0083-4EA3-AB49-8185A0EA45B7}.Debug|x86.Build.0 = Debug|Win32
		{05AE21CB-0083-4EA3-AB49-8185A0EA45B7}.Release|x64.ActiveCfg = Release|x64
		{05AE21CB-0083-4EA3-AB49-8185A0EA45B7}.Release|x64.Build.0 = Release|x64
		{05AE21CB-0083-4EA3-AB49-8185A0EA45B7}.Release|x86.ActiveCfg = Release|Win32
		{05AE21CB-0083-4EA3-AB49-8185A0EA45B7}.Release|x86.Build.0 = Release|Win32
	EndGlobalSection
	GlobalSection(SolutionProperties) = preSolution
		HideSolutionNode = FALSE
	EndGlobalSection
	GlobalSection(ExtensibilityGlobals) = postSolution
		SolutionGuid = {C0490964-FBA7-4292-AF2D-BED6F47929E1}
	EndGlobalSection
EndGlobal
