
Microsoft Visual Studio Solution File, Format Version 12.00
# Visual Studio Version 17
VisualStudioVersion = 17.0.31903.59
MinimumVisualStudioVersion = 10.0.40219.1
Project("{8BC9CEB8-8B4A-11D0-8D11-00A0C91BC942}") = "bai5_LAB7_Chuyen_KySo_Thanh_So", "bai5_LAB7_Chuyen_KySo_Thanh_So\bai5_LAB7_Chuyen_KySo_Thanh_So.vcxproj", "{FA379A28-6B68-4BAA-85C7-3585020663F4}"
EndProject
Global
	GlobalSection(SolutionConfigurationPlatforms) = preSolution
		Debug|x64 = Debug|x64
		Debug|x86 = Debug|x86
		Release|x64 = Release|x64
		Release|x86 = Release|x86
	EndGlobalSection
	GlobalSection(ProjectConfigurationPlatforms) = postSolution
		{FA379A28-6B68-4BAA-85C7-3585020663F4}.Debug|x64.ActiveCfg = Debug|x64
		{FA379A28-6B68-4BAA-85C7-3585020663F4}.Debug|x64.Build.0 = Debug|x64
		{FA379A28-6B68-4BAA-85C7-3585020663F4}.Debug|x86.ActiveCfg = Debug|Win32
		{FA379A28-6B68-4BAA-85C7-3585020663F4}.Debug|x86.Build.0 = Debug|Win32
		{FA379A28-6B68-4BAA-85C7-3585020663F4}.Release|x64.ActiveCfg = Release|x64
		{FA379A28-6B68-4BAA-85C7-3585020663F4}.Release|x64.Build.0 = Release|x64
		{FA379A28-6B68-4BAA-85C7-3585020663F4}.Release|x86.ActiveCfg = Release|Win32
		{FA379A28-6B68-4BAA-85C7-3585020663F4}.Release|x86.Build.0 = Release|Win32
	EndGlobalSection
	GlobalSection(SolutionProperties) = preSolution
		HideSolutionNode = FALSE
	EndGlobalSection
	GlobalSection(ExtensibilityGlobals) = postSolution
		SolutionGuid = {6F73E40D-B260-477C-9F6C-2AF5BFC46AC7}
	EndGlobalSection
EndGlobal
