
Microsoft Visual Studio Solution File, Format Version 12.00
# Visual Studio Version 17
VisualStudioVersion = 17.0.31903.59
MinimumVisualStudioVersion = 10.0.40219.1
Project("{8BC9CEB8-8B4A-11D0-8D11-00A0C91BC942}") = "Bai1D", "Bai1D\Bai1D.vcxproj", "{BC9CC471-D188-4EC8-B14B-4338CD0125C6}"
EndProject
Global
	GlobalSection(SolutionConfigurationPlatforms) = preSolution
		Debug|x64 = Debug|x64
		Debug|x86 = Debug|x86
		Release|x64 = Release|x64
		Release|x86 = Release|x86
	EndGlobalSection
	GlobalSection(ProjectConfigurationPlatforms) = postSolution
		{BC9CC471-D188-4EC8-B14B-4338CD0125C6}.Debug|x64.ActiveCfg = Debug|x64
		{BC9CC471-D188-4EC8-B14B-4338CD0125C6}.Debug|x64.Build.0 = Debug|x64
		{BC9CC471-D188-4EC8-B14B-4338CD0125C6}.Debug|x86.ActiveCfg = Debug|Win32
		{BC9CC471-D188-4EC8-B14B-4338CD0125C6}.Debug|x86.Build.0 = Debug|Win32
		{BC9CC471-D188-4EC8-B14B-4338CD0125C6}.Release|x64.ActiveCfg = Release|x64
		{BC9CC471-D188-4EC8-B14B-4338CD0125C6}.Release|x64.Build.0 = Release|x64
		{BC9CC471-D188-4EC8-B14B-4338CD0125C6}.Release|x86.ActiveCfg = Release|Win32
		{BC9CC471-D188-4EC8-B14B-4338CD0125C6}.Release|x86.Build.0 = Release|Win32
	EndGlobalSection
	GlobalSection(SolutionProperties) = preSolution
		HideSolutionNode = FALSE
	EndGlobalSection
	GlobalSection(ExtensibilityGlobals) = postSolution
		SolutionGuid = {56FE2F70-BC10-42B0-9083-190E8BB24BE0}
	EndGlobalSection
EndGlobal
