
Microsoft Visual Studio Solution File, Format Version 12.00
# Visual Studio Version 17
VisualStudioVersion = 17.0.31825.309
MinimumVisualStudioVersion = 10.0.40219.1
Project("{8BC9CEB8-8B4A-11D0-8D11-00A0C91BC942}") = "GTthuchanh2", "GTthuchanh2\GTthuchanh2.vcxproj", "{55001ADE-2559-4DB0-8960-D6AF55007676}"
EndProject
Global
	GlobalSection(SolutionConfigurationPlatforms) = preSolution
		Debug|x64 = Debug|x64
		Debug|x86 = Debug|x86
		Release|x64 = Release|x64
		Release|x86 = Release|x86
	EndGlobalSection
	GlobalSection(ProjectConfigurationPlatforms) = postSolution
		{55001ADE-2559-4DB0-8960-D6AF55007676}.Debug|x64.ActiveCfg = Debug|x64
		{55001ADE-2559-4DB0-8960-D6AF55007676}.Debug|x64.Build.0 = Debug|x64
		{55001ADE-2559-4DB0-8960-D6AF55007676}.Debug|x86.ActiveCfg = Debug|Win32
		{55001ADE-2559-4DB0-8960-D6AF55007676}.Debug|x86.Build.0 = Debug|Win32
		{55001ADE-2559-4DB0-8960-D6AF55007676}.Release|x64.ActiveCfg = Release|x64
		{55001ADE-2559-4DB0-8960-D6AF55007676}.Release|x64.Build.0 = Release|x64
		{55001ADE-2559-4DB0-8960-D6AF55007676}.Release|x86.ActiveCfg = Release|Win32
		{55001ADE-2559-4DB0-8960-D6AF55007676}.Release|x86.Build.0 = Release|Win32
	EndGlobalSection
	GlobalSection(SolutionProperties) = preSolution
		HideSolutionNode = FALSE
	EndGlobalSection
	GlobalSection(ExtensibilityGlobals) = postSolution
		SolutionGuid = {11E704B4-B2F4-48FD-AE3C-8975949C23FC}
	EndGlobalSection
EndGlobal
