
Microsoft Visual Studio Solution File, Format Version 12.00
# Visual Studio Version 17
VisualStudioVersion = 17.0.31903.59
MinimumVisualStudioVersion = 10.0.40219.1
Project("{8BC9CEB8-8B4A-11D0-8D11-00A0C91BC942}") = "Bai2D", "Bai2D\Bai2D.vcxproj", "{75D3B960-727D-489F-A6B5-A64FB6414496}"
EndProject
Global
	GlobalSection(SolutionConfigurationPlatforms) = preSolution
		Debug|x64 = Debug|x64
		Debug|x86 = Debug|x86
		Release|x64 = Release|x64
		Release|x86 = Release|x86
	EndGlobalSection
	GlobalSection(ProjectConfigurationPlatforms) = postSolution
		{75D3B960-727D-489F-A6B5-A64FB6414496}.Debug|x64.ActiveCfg = Debug|x64
		{75D3B960-727D-489F-A6B5-A64FB6414496}.Debug|x64.Build.0 = Debug|x64
		{75D3B960-727D-489F-A6B5-A64FB6414496}.Debug|x86.ActiveCfg = Debug|Win32
		{75D3B960-727D-489F-A6B5-A64FB6414496}.Debug|x86.Build.0 = Debug|Win32
		{75D3B960-727D-489F-A6B5-A64FB6414496}.Release|x64.ActiveCfg = Release|x64
		{75D3B960-727D-489F-A6B5-A64FB6414496}.Release|x64.Build.0 = Release|x64
		{75D3B960-727D-489F-A6B5-A64FB6414496}.Release|x86.ActiveCfg = Release|Win32
		{75D3B960-727D-489F-A6B5-A64FB6414496}.Release|x86.Build.0 = Release|Win32
	EndGlobalSection
	GlobalSection(SolutionProperties) = preSolution
		HideSolutionNode = FALSE
	EndGlobalSection
	GlobalSection(ExtensibilityGlobals) = postSolution
		SolutionGuid = {9FB1A233-869F-4B6B-A73C-BF4F3B49BF4C}
	EndGlobalSection
EndGlobal
