
Microsoft Visual Studio Solution File, Format Version 12.00
# Visual Studio Version 17
VisualStudioVersion = 17.0.31903.59
MinimumVisualStudioVersion = 10.0.40219.1
Project("{8BC9CEB8-8B4A-11D0-8D11-00A0C91BC942}") = "Bai4D_Stack", "Bai4D_Stack\Bai4D_Stack.vcxproj", "{5CA5988F-3177-4385-ADBF-8B5F120EDF58}"
EndProject
Global
	GlobalSection(SolutionConfigurationPlatforms) = preSolution
		Debug|x64 = Debug|x64
		Debug|x86 = Debug|x86
		Release|x64 = Release|x64
		Release|x86 = Release|x86
	EndGlobalSection
	GlobalSection(ProjectConfigurationPlatforms) = postSolution
		{5CA5988F-3177-4385-ADBF-8B5F120EDF58}.Debug|x64.ActiveCfg = Debug|x64
		{5CA5988F-3177-4385-ADBF-8B5F120EDF58}.Debug|x64.Build.0 = Debug|x64
		{5CA5988F-3177-4385-ADBF-8B5F120EDF58}.Debug|x86.ActiveCfg = Debug|Win32
		{5CA5988F-3177-4385-ADBF-8B5F120EDF58}.Debug|x86.Build.0 = Debug|Win32
		{5CA5988F-3177-4385-ADBF-8B5F120EDF58}.Release|x64.ActiveCfg = Release|x64
		{5CA5988F-3177-4385-ADBF-8B5F120EDF58}.Release|x64.Build.0 = Release|x64
		{5CA5988F-3177-4385-ADBF-8B5F120EDF58}.Release|x86.ActiveCfg = Release|Win32
		{5CA5988F-3177-4385-ADBF-8B5F120EDF58}.Release|x86.Build.0 = Release|Win32
	EndGlobalSection
	GlobalSection(SolutionProperties) = preSolution
		HideSolutionNode = FALSE
	EndGlobalSection
	GlobalSection(ExtensibilityGlobals) = postSolution
		SolutionGuid = {A241D9FF-7BB7-4464-8145-9212845AA57A}
	EndGlobalSection
EndGlobal
