
Microsoft Visual Studio Solution File, Format Version 12.00
# Visual Studio Version 17
VisualStudioVersion = 17.0.31825.309
MinimumVisualStudioVersion = 10.0.40219.1
Project("{8BC9CEB8-8B4A-11D0-8D11-00A0C91BC942}") = "btbblab2.2", "btbblab2.2\btbblab2.2.vcxproj", "{B7F0A836-5AAC-4C29-8994-A7D9C9AC5692}"
EndProject
Global
	GlobalSection(SolutionConfigurationPlatforms) = preSolution
		Debug|x64 = Debug|x64
		Debug|x86 = Debug|x86
		Release|x64 = Release|x64
		Release|x86 = Release|x86
	EndGlobalSection
	GlobalSection(ProjectConfigurationPlatforms) = postSolution
		{B7F0A836-5AAC-4C29-8994-A7D9C9AC5692}.Debug|x64.ActiveCfg = Debug|x64
		{B7F0A836-5AAC-4C29-8994-A7D9C9AC5692}.Debug|x64.Build.0 = Debug|x64
		{B7F0A836-5AAC-4C29-8994-A7D9C9AC5692}.Debug|x86.ActiveCfg = Debug|Win32
		{B7F0A836-5AAC-4C29-8994-A7D9C9AC5692}.Debug|x86.Build.0 = Debug|Win32
		{B7F0A836-5AAC-4C29-8994-A7D9C9AC5692}.Release|x64.ActiveCfg = Release|x64
		{B7F0A836-5AAC-4C29-8994-A7D9C9AC5692}.Release|x64.Build.0 = Release|x64
		{B7F0A836-5AAC-4C29-8994-A7D9C9AC5692}.Release|x86.ActiveCfg = Release|Win32
		{B7F0A836-5AAC-4C29-8994-A7D9C9AC5692}.Release|x86.Build.0 = Release|Win32
	EndGlobalSection
	GlobalSection(SolutionProperties) = preSolution
		HideSolutionNode = FALSE
	EndGlobalSection
	GlobalSection(ExtensibilityGlobals) = postSolution
		SolutionGuid = {A817278D-CD3B-42F5-BAC5-B09D21CE0F36}
	EndGlobalSection
EndGlobal
