
Microsoft Visual Studio Solution File, Format Version 12.00
# Visual Studio Version 16
VisualStudioVersion = 16.0.31424.327
MinimumVisualStudioVersion = 10.0.40219.1
Project("{8BC9CEB8-8B4A-11D0-8D11-00A0C91BC942}") = "thuchanh1", "thuchanh1\thuchanh1.vcxproj", "{9F9F6AE7-EF27-469E-91F3-94F83AE8D68A}"
EndProject
Global
	GlobalSection(SolutionConfigurationPlatforms) = preSolution
		Debug|x64 = Debug|x64
		Debug|x86 = Debug|x86
		Release|x64 = Release|x64
		Release|x86 = Release|x86
	EndGlobalSection
	GlobalSection(ProjectConfigurationPlatforms) = postSolution
		{9F9F6AE7-EF27-469E-91F3-94F83AE8D68A}.Debug|x64.ActiveCfg = Debug|x64
		{9F9F6AE7-EF27-469E-91F3-94F83AE8D68A}.Debug|x64.Build.0 = Debug|x64
		{9F9F6AE7-EF27-469E-91F3-94F83AE8D68A}.Debug|x86.ActiveCfg = Debug|Win32
		{9F9F6AE7-EF27-469E-91F3-94F83AE8D68A}.Debug|x86.Build.0 = Debug|Win32
		{9F9F6AE7-EF27-469E-91F3-94F83AE8D68A}.Release|x64.ActiveCfg = Release|x64
		{9F9F6AE7-EF27-469E-91F3-94F83AE8D68A}.Release|x64.Build.0 = Release|x64
		{9F9F6AE7-EF27-469E-91F3-94F83AE8D68A}.Release|x86.ActiveCfg = Release|Win32
		{9F9F6AE7-EF27-469E-91F3-94F83AE8D68A}.Release|x86.Build.0 = Release|Win32
	EndGlobalSection
	GlobalSection(SolutionProperties) = preSolution
		HideSolutionNode = FALSE
	EndGlobalSection
	GlobalSection(ExtensibilityGlobals) = postSolution
		SolutionGuid = {C5FB98B5-2201-4384-B99F-3909C0E9733F}
	EndGlobalSection
EndGlobal
