
Microsoft Visual Studio Solution File, Format Version 12.00
# Visual Studio Version 17
VisualStudioVersion = 17.0.31903.59
MinimumVisualStudioVersion = 10.0.40219.1
Project("{8BC9CEB8-8B4A-11D0-8D11-00A0C91BC942}") = "lab9_bai02_XauKyTu", "lab9_bai02_XauKyTu\lab9_bai02_XauKyTu.vcxproj", "{51870BC9-06DB-44A6-AC3B-4DBD2E270572}"
EndProject
Global
	GlobalSection(SolutionConfigurationPlatforms) = preSolution
		Debug|x64 = Debug|x64
		Debug|x86 = Debug|x86
		Release|x64 = Release|x64
		Release|x86 = Release|x86
	EndGlobalSection
	GlobalSection(ProjectConfigurationPlatforms) = postSolution
		{51870BC9-06DB-44A6-AC3B-4DBD2E270572}.Debug|x64.ActiveCfg = Debug|x64
		{51870BC9-06DB-44A6-AC3B-4DBD2E270572}.Debug|x64.Build.0 = Debug|x64
		{51870BC9-06DB-44A6-AC3B-4DBD2E270572}.Debug|x86.ActiveCfg = Debug|Win32
		{51870BC9-06DB-44A6-AC3B-4DBD2E270572}.Debug|x86.Build.0 = Debug|Win32
		{51870BC9-06DB-44A6-AC3B-4DBD2E270572}.Release|x64.ActiveCfg = Release|x64
		{51870BC9-06DB-44A6-AC3B-4DBD2E270572}.Release|x64.Build.0 = Release|x64
		{51870BC9-06DB-44A6-AC3B-4DBD2E270572}.Release|x86.ActiveCfg = Release|Win32
		{51870BC9-06DB-44A6-AC3B-4DBD2E270572}.Release|x86.Build.0 = Release|Win32
	EndGlobalSection
	GlobalSection(SolutionProperties) = preSolution
		HideSolutionNode = FALSE
	EndGlobalSection
	GlobalSection(ExtensibilityGlobals) = postSolution
		SolutionGuid = {236EDB80-77E9-44CD-8F6D-3639C1936413}
	EndGlobalSection
EndGlobal
